uuid: 72c5a665-df03-4ac7-bfdc-e5e36b27ad15
langcode: en
status: true
dependencies: {  }
_core:
  default_config_hash: 1OCKdTtMY6QI5-V9y-phCzW_SEM6FDLAiHx1yh4song
id: footer_promo_block
label: 'Footer promo block'
revision: 0
description: 'A footer promo block contains a title, promo text, and a "find out more" link.'
